<Solution>
  <Project Path="Unity.PopcornFX.Runtime.csproj" />
  <Project Path="Unity.PopcornFX.Samples.Editor.csproj" />
  <Project Path="Unity.PopcornFX.Editor.csproj" />
  <Project Path="Unity.PopcornFX.Samples.Runtime.csproj" />
  <Project Path="4DViews.4DSPlayer.Editor.csproj" />
  <Project Path="Unity.PopcornFX.URP.csproj" />
  <Project Path="Oculus.Haptics.Samples.csproj" />
  <Project Path="4DViews.4DSPlayer.csproj" />
  <Project Path="Assembly-CSharp.csproj" />
</Solution>
